
Microsoft Visual Studio Solution File, Format Version 12.00
# Visual Studio Version 17
VisualStudioVersion = 17.3.32929.385
MinimumVisualStudioVersion = 10.0.40219.1
Project("{FAE04EC0-301F-11D3-BF4B-00C04F79EFBC}") = "Calculator", "Calculator\Calculator.csproj", "{D121761A-001A-475A-B492-5A30F8E49B86}"
EndProject
Global
	GlobalSection(SolutionConfigurationPlatforms) = preSolution
		Debug|Any CPU = Debug|Any CPU
		Release|Any CPU = Release|Any CPU
	EndGlobalSection
	GlobalSection(ProjectConfigurationPlatforms) = postSolution
		{D121761A-001A-475A-B492-5A30F8E49B86}.Debug|Any CPU.ActiveCfg = Debug|Any CPU
		{D121761A-001A-475A-B492-5A30F8E49B86}.Debug|Any CPU.Build.0 = Debug|Any CPU
		{D121761A-001A-475A-B492-5A30F8E49B86}.Release|Any CPU.ActiveCfg = Release|Any CPU
		{D121761A-001A-475A-B492-5A30F8E49B86}.Release|Any CPU.Build.0 = Release|Any CPU
	EndGlobalSection
	GlobalSection(SolutionProperties) = preSolution
		HideSolutionNode = FALSE
	EndGlobalSection
	GlobalSection(ExtensibilityGlobals) = postSolution
		SolutionGuid = {3143F553-0C17-40A5-8410-12FF7A23AFBA}
	EndGlobalSection
EndGlobal
